// !$*UTF8*$!
{
	archiveVersion = 1;
	classes = {
	};
	objectVersion = 56;
	objects = {

/* Begin PBXBuildFile section */
		013391E22ABC665000DB39CA /* yunus_tamamdir.mp3 in Resources */ = {isa = PBXBuildFile; fileRef = 013391E12ABC665000DB39CA /* yunus_tamamdir.mp3 */; };
		013391E42ABC674E00DB39CA /* sila_yabanci.mp3 in Resources */ = {isa = PBXBuildFile; fileRef = 013391E32ABC674E00DB39CA /* sila_yabanci.mp3 */; };
		016CAEF92ABB90A00052B878 /* CoverMusicApp.swift in Sources */ = {isa = PBXBuildFile; fileRef = 016CAEF82ABB90A00052B878 /* CoverMusicApp.swift */; };
		016CAEFB2ABB90A00052B878 /* ContentView.swift in Sources */ = {isa = PBXBuildFile; fileRef = 016CAEFA2ABB90A00052B878 /* ContentView.swift */; };
		016CAEFD2ABB90A70052B878 /* Assets.xcassets in Resources */ = {isa = PBXBuildFile; fileRef = 016CAEFC2ABB90A70052B878 /* Assets.xcassets */; };
		016CAF002ABB90A70052B878 /* Preview Assets.xcassets in Resources */ = {isa = PBXBuildFile; fileRef = 016CAEFF2ABB90A70052B878 /* Preview Assets.xcassets */; };
		016CAF072ABB97B10052B878 /* RecordingAudioView.swift in Sources */ = {isa = PBXBuildFile; fileRef = 016CAF062ABB97B10052B878 /* RecordingAudioView.swift */; };
		016CAF092ABB97E70052B878 /* ListeningAudioView.swift in Sources */ = {isa = PBXBuildFile; fileRef = 016CAF082ABB97E70052B878 /* ListeningAudioView.swift */; };
/* End PBXBuildFile section */

/* Begin PBXFileReference section */
		013391E12ABC665000DB39CA /* yunus_tamamdir.mp3 */ = {isa = PBXFileReference; lastKnownFileType = audio.mp3; path = yunus_tamamdir.mp3; sourceTree = "<group>"; };
		013391E32ABC674E00DB39CA /* sila_yabanci.mp3 */ = {isa = PBXFileReference; lastKnownFileType = audio.mp3; path = sila_yabanci.mp3; sourceTree = "<group>"; };
		016CAEF52ABB90A00052B878 /* CoverMusic.app */ = {isa = PBXFileReference; explicitFileType = wrapper.application; includeInIndex = 0; path = CoverMusic.app; sourceTree = BUILT_PRODUCTS_DIR; };
		016CAEF82ABB90A00052B878 /* CoverMusicApp.swift */ = {isa = PBXFileReference; lastKnownFileType = sourcecode.swift; path = CoverMusicApp.swift; sourceTree = "<group>"; };
		016CAEFA2ABB90A00052B878 /* ContentView.swift */ = {isa = PBXFileReference; lastKnownFileType = sourcecode.swift; path = ContentView.swift; sourceTree = "<group>"; };
		016CAEFC2ABB90A70052B878 /* Assets.xcassets */ = {isa = PBXFileReference; lastKnownFileType = folder.assetcatalog; path = Assets.xcassets; sourceTree = "<group>"; };
		016CAEFF2ABB90A70052B878 /* Preview Assets.xcassets */ = {isa = PBXFileReference; lastKnownFileType = folder.assetcatalog; path = "Preview Assets.xcassets"; sourceTree = "<group>"; };
		016CAF062ABB97B10052B878 /* RecordingAudioView.swift */ = {isa = PBXFileReference; lastKnownFileType = sourcecode.swift; path = RecordingAudioView.swift; sourceTree = "<group>"; };
		016CAF082ABB97E70052B878 /* ListeningAudioView.swift */ = {isa = PBXFileReference; lastKnownFileType = sourcecode.swift; path = ListeningAudioView.swift; sourceTree = "<group>"; };
/* End PBXFileReference section */

/* Begin PBXFrameworksBuildPhase section */
		016CAEF22ABB90A00052B878 /* Frameworks */ = {
			isa = PBXFrameworksBuildPhase;
			buildActionMask = 2147483647;
			files = (
			);
			runOnlyForDeploymentPostprocessing = 0;
		};
/* End PBXFrameworksBuildPhase section */

/* Begin PBXGroup section */
		016CAEEC2ABB90A00052B878 = {
			isa = PBXGroup;
			children = (
				016CAEF72ABB90A00052B878 /* CoverMusic */,
				016CAEF62ABB90A00052B878 /* Products */,
			);
			sourceTree = "<group>";
		};
		016CAEF62ABB90A00052B878 /* Products */ = {
			isa = PBXGroup;
			children = (
				016CAEF52ABB90A00052B878 /* CoverMusic.app */,
			);
			name = Products;
			sourceTree = "<group>";
		};
		016CAEF72ABB90A00052B878 /* CoverMusic */ = {
			isa = PBXGroup;
			children = (
				013391E32ABC674E00DB39CA /* sila_yabanci.mp3 */,
				013391E12ABC665000DB39CA /* yunus_tamamdir.mp3 */,
				016CAEF82ABB90A00052B878 /* CoverMusicApp.swift */,
				016CAEFA2ABB90A00052B878 /* ContentView.swift */,
				016CAF0A2ABB97EC0052B878 /* View */,
				016CAEFC2ABB90A70052B878 /* Assets.xcassets */,
				016CAEFE2ABB90A70052B878 /* Preview Content */,
			);
			path = CoverMusic;
			sourceTree = "<group>";
		};
		016CAEFE2ABB90A70052B878 /* Preview Content */ = {
			isa = PBXGroup;
			children = (
				016CAEFF2ABB90A70052B878 /* Preview Assets.xcassets */,
			);
			path = "Preview Content";
			sourceTree = "<group>";
		};
		016CAF0A2ABB97EC0052B878 /* View */ = {
			isa = PBXGroup;
			children = (
				016CAF062ABB97B10052B878 /* RecordingAudioView.swift */,
				016CAF082ABB97E70052B878 /* ListeningAudioView.swift */,
			);
			path = View;
			sourceTree = "<group>";
		};
/* End PBXGroup section */

/* Begin PBXNativeTarget section */
		016CAEF42ABB90A00052B878 /* CoverMusic */ = {
			isa = PBXNativeTarget;
			buildConfigurationList = 016CAF032ABB90A70052B878 /* Build configuration list for PBXNativeTarget "CoverMusic" */;
			buildPhases = (
				016CAEF12ABB90A00052B878 /* Sources */,
				016CAEF22ABB90A00052B878 /* Frameworks */,
				016CAEF32ABB90A00052B878 /* Resources */,
			);
			buildRules = (
			);
			dependencies = (
			);
			name = CoverMusic;
			productName = CoverMusic;
			productReference = 016CAEF52ABB90A00052B878 /* CoverMusic.app */;
			productType = "com.apple.product-type.application";
		};
/* End PBXNativeTarget section */

/* Begin PBXProject section */
		016CAEED2ABB90A00052B878 /* Project object */ = {
			isa = PBXProject;
			attributes = {
				BuildIndependentTargetsInParallel = 1;
				LastSwiftUpdateCheck = 1430;
				LastUpgradeCheck = 1430;
				TargetAttributes = {
					016CAEF42ABB90A00052B878 = {
						CreatedOnToolsVersion = 14.3.1;
					};
				};
			};
			buildConfigurationList = 016CAEF02ABB90A00052B878 /* Build configuration list for PBXProject "CoverMusic" */;
			compatibilityVersion = "Xcode 14.0";
			developmentRegion = en;
			hasScannedForEncodings = 0;
			knownRegions = (
				en,
				Base,
			);
			mainGroup = 016CAEEC2ABB90A00052B878;
			productRefGroup = 016CAEF62ABB90A00052B878 /* Products */;
			projectDirPath = "";
			projectRoot = "";
			targets = (
				016CAEF42ABB90A00052B878 /* CoverMusic */,
			);
		};
/* End PBXProject section */

/* Begin PBXResourcesBuildPhase section */
		016CAEF32ABB90A00052B878 /* Resources */ = {
			isa = PBXResourcesBuildPhase;
			buildActionMask = 2147483647;
			files = (
				013391E22ABC665000DB39CA /* yunus_tamamdir.mp3 in Resources */,
				013391E42ABC674E00DB39CA /* sila_yabanci.mp3 in Resources */,
				016CAF002ABB90A70052B878 /* Preview Assets.xcassets in Resources */,
				016CAEFD2ABB90A70052B878 /* Assets.xcassets in Resources */,
			);
			runOnlyForDeploymentPostprocessing = 0;
		};
/* End PBXResourcesBuildPhase section */

/* Begin PBXSourcesBuildPhase section */
		016CAEF12ABB90A00052B878 /* Sources */ = {
			isa = PBXSourcesBuildPhase;
			buildActionMask = 2147483647;
			files = (
				016CAF072ABB97B10052B878 /* RecordingAudioView.swift in Sources */,
				016CAF092ABB97E70052B878 /* ListeningAudioView.swift in Sources */,
				016CAEFB2ABB90A00052B878 /* ContentView.swift in Sources */,
				016CAEF92ABB90A00052B878 /* CoverMusicApp.swift in Sources */,
			);
			runOnlyForDeploymentPostprocessing = 0;
		};
/* End PBXSourcesBuildPhase section */

/* Begin XCBuildConfiguration section */
		016CAF012ABB90A70052B878 /* Debug */ = {
			isa = XCBuildConfiguration;
			buildSettings = {
				ALWAYS_SEARCH_USER_PATHS = NO;
				CLANG_ANALYZER_NONNULL = YES;
				CLANG_ANALYZER_NUMBER_OBJECT_CONVERSION = YES_AGGRESSIVE;
				CLANG_CXX_LANGUAGE_STANDARD = "gnu++20";
				CLANG_ENABLE_MODULES = YES;
				CLANG_ENABLE_OBJC_ARC = YES;
				CLANG_ENABLE_OBJC_WEAK = YES;
				CLANG_WARN_BLOCK_CAPTURE_AUTORELEASING = YES;
				CLANG_WARN_BOOL_CONVERSION = YES;
				CLANG_WARN_COMMA = YES;
				CLANG_WARN_CONSTANT_CONVERSION = YES;
				CLANG_WARN_DEPRECATED_OBJC_IMPLEMENTATIONS = YES;
				CLANG_WARN_DIRECT_OBJC_ISA_USAGE = YES_ERROR;
				CLANG_WARN_DOCUMENTATION_COMMENTS = YES;
				CLANG_WARN_EMPTY_BODY = YES;
				CLANG_WARN_ENUM_CONVERSION = YES;
				CLANG_WARN_INFINITE_RECURSION = YES;
				CLANG_WARN_INT_CONVERSION = YES;
				CLANG_WARN_NON_LITERAL_NULL_CONVERSION = YES;
				CLANG_WARN_OBJC_IMPLICIT_RETAIN_SELF = YES;
				CLANG_WARN_OBJC_LITERAL_CONVERSION = YES;
				CLANG_WARN_OBJC_ROOT_CLASS = YES_ERROR;
				CLANG_WARN_QUOTED_INCLUDE_IN_FRAMEWORK_HEADER = YES;
				CLANG_WARN_RANGE_LOOP_ANALYSIS = YES;
				CLANG_WARN_STRICT_PROTOTYPES = YES;
				CLANG_WARN_SUSPICIOUS_MOVE = YES;
				CLANG_WARN_UNGUARDED_AVAILABILITY = YES_AGGRESSIVE;
				CLANG_WARN_UNREACHABLE_CODE = YES;
				CLANG_WARN__DUPLICATE_METHOD_MATCH = YES;
				COPY_PHASE_STRIP = NO;
				DEBUG_INFORMATION_FORMAT = dwarf;
				ENABLE_STRICT_OBJC_MSGSEND = YES;
				ENABLE_TESTABILITY = YES;
				GCC_C_LANGUAGE_STANDARD = gnu11;
				GCC_DYNAMIC_NO_PIC = NO;
				GCC_NO_COMMON_BLOCKS = YES;
				GCC_OPTIMIZATION_LEVEL = 0;
				GCC_PREPROCESSOR_DEFINITIONS = (
					"DEBUG=1",
					"$(inherited)",
				);
				GCC_WARN_64_TO_32_BIT_CONVERSION = YES;
				GCC_WARN_ABOUT_RETURN_TYPE = YES_ERROR;
				GCC_WARN_UNDECLARED_SELECTOR = YES;
				GCC_WARN_UNINITIALIZED_AUTOS = YES_AGGRESSIVE;
				GCC_WARN_UNUSED_FUNCTION = YES;
				GCC_WARN_UNUSED_VARIABLE = YES;
				IPHONEOS_DEPLOYMENT_TARGET = 16.4;
				MTL_ENABLE_DEBUG_INFO = INCLUDE_SOURCE;
				MTL_FAST_MATH = YES;
				ONLY_ACTIVE_ARCH = YES;
				SDKROOT = iphoneos;
				SWIFT_ACTIVE_COMPILATION_CONDITIONS = DEBUG;
				SWIFT_OPTIMIZATION_LEVEL = "-Onone";
			};
			name = Debug;
		};
		016CAF022ABB90A70052B878 /* Release */ = {
			isa = XCBuildConfiguration;
			buildSettings = {
				ALWAYS_SEARCH_USER_PATHS = NO;
				CLANG_ANALYZER_NONNULL = YES;
				CLANG_ANALYZER_NUMBER_OBJECT_CONVERSION = YES_AGGRESSIVE;
				CLANG_CXX_LANGUAGE_STANDARD = "gnu++20";
				CLANG_ENABLE_MODULES = YES;
				CLANG_ENABLE_OBJC_ARC = YES;
				CLANG_ENABLE_OBJC_WEAK = YES;
				CLANG_WARN_BLOCK_CAPTURE_AUTORELEASING = YES;
				CLANG_WARN_BOOL_CONVERSION = YES;
				CLANG_WARN_COMMA = YES;
				CLANG_WARN_CONSTANT_CONVERSION = YES;
				CLANG_WARN_DEPRECATED_OBJC_IMPLEMENTATIONS = YES;
				CLANG_WARN_DIRECT_OBJC_ISA_USAGE = YES_ERROR;
				CLANG_WARN_DOCUMENTATION_COMMENTS = YES;
				CLANG_WARN_EMPTY_BODY = YES;
				CLANG_WARN_ENUM_CONVERSION = YES;
				CLANG_WARN_INFINITE_RECURSION = YES;
				CLANG_WARN_INT_CONVERSION = YES;
				CLANG_WARN_NON_LITERAL_NULL_CONVERSION = YES;
				CLANG_WARN_OBJC_IMPLICIT_RETAIN_SELF = YES;
				CLANG_WARN_OBJC_LITERAL_CONVERSION = YES;
				CLANG_WARN_OBJC_ROOT_CLASS = YES_ERROR;
				CLANG_WARN_QUOTED_INCLUDE_IN_FRAMEWORK_HEADER = YES;
				CLANG_WARN_RANGE_LOOP_ANALYSIS = YES;
				CLANG_WARN_STRICT_PROTOTYPES = YES;
				CLANG_WARN_SUSPICIOUS_MOVE = YES;
				CLANG_WARN_UNGUARDED_AVAILABILITY = YES_AGGRESSIVE;
				CLANG_WARN_UNREACHABLE_CODE = YES;
				CLANG_WARN__DUPLICATE_METHOD_MATCH = YES;
				COPY_PHASE_STRIP = NO;
				DEBUG_INFORMATION_FORMAT = "dwarf-with-dsym";
				ENABLE_NS_ASSERTIONS = NO;
				ENABLE_STRICT_OBJC_MSGSEND = YES;
				GCC_C_LANGUAGE_STANDARD = gnu11;
				GCC_NO_COMMON_BLOCKS = YES;
				GCC_WARN_64_TO_32_BIT_CONVERSION = YES;
				GCC_WARN_ABOUT_RETURN_TYPE = YES_ERROR;
				GCC_WARN_UNDECLARED_SELECTOR = YES;
				GCC_WARN_UNINITIALIZED_AUTOS = YES_AGGRESSIVE;
				GCC_WARN_UNUSED_FUNCTION = YES;
				GCC_WARN_UNUSED_VARIABLE = YES;
				IPHONEOS_DEPLOYMENT_TARGET = 16.4;
				MTL_ENABLE_DEBUG_INFO = NO;
				MTL_FAST_MATH = YES;
				SDKROOT = iphoneos;
				SWIFT_COMPILATION_MODE = wholemodule;
				SWIFT_OPTIMIZATION_LEVEL = "-O";
				VALIDATE_PRODUCT = YES;
			};
			name = Release;
		};
		016CAF042ABB90A70052B878 /* Debug */ = {
			isa = XCBuildConfiguration;
			buildSettings = {
				ASSETCATALOG_COMPILER_APPICON_NAME = AppIcon;
				ASSETCATALOG_COMPILER_GLOBAL_ACCENT_COLOR_NAME = AccentColor;
				CODE_SIGN_STYLE = Automatic;
				CURRENT_PROJECT_VERSION = 1;
				DEVELOPMENT_ASSET_PATHS = "\"CoverMusic/Preview Content\"";
				DEVELOPMENT_TEAM = VTWWU55Y4C;
				ENABLE_PREVIEWS = YES;
				GENERATE_INFOPLIST_FILE = YES;
				INFOPLIST_KEY_NSMicrophoneUsageDescription = "";
				INFOPLIST_KEY_UIApplicationSceneManifest_Generation = YES;
				INFOPLIST_KEY_UIApplicationSupportsIndirectInputEvents = YES;
				INFOPLIST_KEY_UILaunchScreen_Generation = YES;
				INFOPLIST_KEY_UISupportedInterfaceOrientations_iPad = "UIInterfaceOrientationPortrait UIInterfaceOrientationPortraitUpsideDown UIInterfaceOrientationLandscapeLeft UIInterfaceOrientationLandscapeRight";
				INFOPLIST_KEY_UISupportedInterfaceOrientations_iPhone = "UIInterfaceOrientationPortrait UIInterfaceOrientationLandscapeLeft UIInterfaceOrientationLandscapeRight";
				IPHONEOS_DEPLOYMENT_TARGET = 15.0;
				LD_RUNPATH_SEARCH_PATHS = (
					"$(inherited)",
					"@executable_path/Frameworks",
				);
				MARKETING_VERSION = 1.0;
				PRODUCT_BUNDLE_IDENTIFIER = site.backhub.CoverMusic;
				PRODUCT_NAME = "$(TARGET_NAME)";
				SUPPORTED_PLATFORMS = "iphoneos iphonesimulator";
				SUPPORTS_MACCATALYST = NO;
				SUPPORTS_MAC_DESIGNED_FOR_IPHONE_IPAD = NO;
				SWIFT_EMIT_LOC_STRINGS = YES;
				SWIFT_VERSION = 5.0;
				TARGETED_DEVICE_FAMILY = 1;
			};
			name = Debug;
		};
		016CAF052ABB90A70052B878 /* Release */ = {
			isa = XCBuildConfiguration;
			buildSettings = {
				ASSETCATALOG_COMPILER_APPICON_NAME = AppIcon;
				ASSETCATALOG_COMPILER_GLOBAL_ACCENT_COLOR_NAME = AccentColor;
				CODE_SIGN_STYLE = Automatic;
				CURRENT_PROJECT_VERSION = 1;
				DEVELOPMENT_ASSET_PATHS = "\"CoverMusic/Preview Content\"";
				DEVELOPMENT_TEAM = VTWWU55Y4C;
				ENABLE_PREVIEWS = YES;
				GENERATE_INFOPLIST_FILE = YES;
				INFOPLIST_KEY_NSMicrophoneUsageDescription = "";
				INFOPLIST_KEY_UIApplicationSceneManifest_Generation = YES;
				INFOPLIST_KEY_UIApplicationSupportsIndirectInputEvents = YES;
				INFOPLIST_KEY_UILaunchScreen_Generation = YES;
				INFOPLIST_KEY_UISupportedInterfaceOrientations_iPad = "UIInterfaceOrientationPortrait UIInterfaceOrientationPortraitUpsideDown UIInterfaceOrientationLandscapeLeft UIInterfaceOrientationLandscapeRight";
				INFOPLIST_KEY_UISupportedInterfaceOrientations_iPhone = "UIInterfaceOrientationPortrait UIInterfaceOrientationLandscapeLeft UIInterfaceOrientationLandscapeRight";
				IPHONEOS_DEPLOYMENT_TARGET = 15.0;
				LD_RUNPATH_SEARCH_PATHS = (
					"$(inherited)",
					"@executable_path/Frameworks",
				);
				MARKETING_VERSION = 1.0;
				PRODUCT_BUNDLE_IDENTIFIER = site.backhub.CoverMusic;
				PRODUCT_NAME = "$(TARGET_NAME)";
				SUPPORTED_PLATFORMS = "iphoneos iphonesimulator";
				SUPPORTS_MACCATALYST = NO;
				SUPPORTS_MAC_DESIGNED_FOR_IPHONE_IPAD = NO;
				SWIFT_EMIT_LOC_STRINGS = YES;
				SWIFT_VERSION = 5.0;
				TARGETED_DEVICE_FAMILY = 1;
			};
			name = Release;
		};
/* End XCBuildConfiguration section */

/* Begin XCConfigurationList section */
		016CAEF02ABB90A00052B878 /* Build configuration list for PBXProject "CoverMusic" */ = {
			isa = XCConfigurationList;
			buildConfigurations = (
				016CAF012ABB90A70052B878 /* Debug */,
				016CAF022ABB90A70052B878 /* Release */,
			);
			defaultConfigurationIsVisible = 0;
			defaultConfigurationName = Release;
		};
		016CAF032ABB90A70052B878 /* Build configuration list for PBXNativeTarget "CoverMusic" */ = {
			isa = XCConfigurationList;
			buildConfigurations = (
				016CAF042ABB90A70052B878 /* Debug */,
				016CAF052ABB90A70052B878 /* Release */,
			);
			defaultConfigurationIsVisible = 0;
			defaultConfigurationName = Release;
		};
/* End XCConfigurationList section */
	};
	rootObject = 016CAEED2ABB90A00052B878 /* Project object */;
}
